<?xml version="1.0" encoding="UTF-8" standalone="yes" ?>
<CodeBlocks_project_file>
   <FileVersion major="1" minor="6" />
   <Project>
      <Option title="c" />
      <Option makefile_is_custom="1" />
      <Option compiler="gcc" />
      <Option virtualFolders="CMake Files\;" />
      <Build>
      <Target title="all">
         <Option working_dir="/home/damian/git-repos/symulator-mini-rysi/vrep/build-c-Desktop-Default" />
         <Option type="4" />
         <MakeCommands>
            <Build command="/usr/bin/make -f &quot;/home/damian/git-repos/symulator-mini-rysi/vrep/build-c-Desktop-Default/Makefile&quot;  VERBOSE=1 all" />
            <CompileFile command="/usr/bin/make -f &quot;/home/damian/git-repos/symulator-mini-rysi/vrep/build-c-Desktop-Default/Makefile&quot;  VERBOSE=1 &quot;$file&quot;" />
            <Clean command="/usr/bin/make -f &quot;/home/damian/git-repos/symulator-mini-rysi/vrep/build-c-Desktop-Default/Makefile&quot;  VERBOSE=1 clean" />
            <DistClean command="/usr/bin/make -f &quot;/home/damian/git-repos/symulator-mini-rysi/vrep/build-c-Desktop-Default/Makefile&quot;  VERBOSE=1 clean" />
         </MakeCommands>
      </Target>
      <Target title="rebuild_cache">
         <Option working_dir="/home/damian/git-repos/symulator-mini-rysi/vrep/build-c-Desktop-Default" />
         <Option type="4" />
         <MakeCommands>
            <Build command="/usr/bin/make -f &quot;/home/damian/git-repos/symulator-mini-rysi/vrep/build-c-Desktop-Default/Makefile&quot;  VERBOSE=1 rebuild_cache" />
            <CompileFile command="/usr/bin/make -f &quot;/home/damian/git-repos/symulator-mini-rysi/vrep/build-c-Desktop-Default/Makefile&quot;  VERBOSE=1 &quot;$file&quot;" />
            <Clean command="/usr/bin/make -f &quot;/home/damian/git-repos/symulator-mini-rysi/vrep/build-c-Desktop-Default/Makefile&quot;  VERBOSE=1 clean" />
            <DistClean command="/usr/bin/make -f &quot;/home/damian/git-repos/symulator-mini-rysi/vrep/build-c-Desktop-Default/Makefile&quot;  VERBOSE=1 clean" />
         </MakeCommands>
      </Target>
      <Target title="edit_cache">
         <Option working_dir="/home/damian/git-repos/symulator-mini-rysi/vrep/build-c-Desktop-Default" />
         <Option type="4" />
         <MakeCommands>
            <Build command="/usr/bin/make -f &quot;/home/damian/git-repos/symulator-mini-rysi/vrep/build-c-Desktop-Default/Makefile&quot;  VERBOSE=1 edit_cache" />
            <CompileFile command="/usr/bin/make -f &quot;/home/damian/git-repos/symulator-mini-rysi/vrep/build-c-Desktop-Default/Makefile&quot;  VERBOSE=1 &quot;$file&quot;" />
            <Clean command="/usr/bin/make -f &quot;/home/damian/git-repos/symulator-mini-rysi/vrep/build-c-Desktop-Default/Makefile&quot;  VERBOSE=1 clean" />
            <DistClean command="/usr/bin/make -f &quot;/home/damian/git-repos/symulator-mini-rysi/vrep/build-c-Desktop-Default/Makefile&quot;  VERBOSE=1 clean" />
         </MakeCommands>
      </Target>
      <Target title="c">
         <Option output="/home/damian/git-repos/symulator-mini-rysi/vrep/build-c-Desktop-Default/c" prefix_auto="0" extension_auto="0" />
         <Option working_dir="/home/damian/git-repos/symulator-mini-rysi/vrep/build-c-Desktop-Default" />
         <Option object_output="./" />
         <Option type="1" />
         <Option compiler="gcc" />
         <Compiler>
            <Add directory="/usr/include" />
            <Add directory="/usr/include/c++/5" />
            <Add directory="/usr/include/c++/5/backward" />
            <Add directory="/usr/include/x86_64-linux-gnu" />
            <Add directory="/usr/include/x86_64-linux-gnu/c++/5" />
            <Add directory="/usr/lib/gcc/x86_64-linux-gnu/5/include" />
            <Add directory="/usr/lib/gcc/x86_64-linux-gnu/5/include-fixed" />
            <Add directory="/usr/local/include" />
         </Compiler>
         <MakeCommands>
            <Build command="/usr/bin/make -f &quot;/home/damian/git-repos/symulator-mini-rysi/vrep/build-c-Desktop-Default/Makefile&quot;  VERBOSE=1 c" />
            <CompileFile command="/usr/bin/make -f &quot;/home/damian/git-repos/symulator-mini-rysi/vrep/build-c-Desktop-Default/Makefile&quot;  VERBOSE=1 &quot;$file&quot;" />
            <Clean command="/usr/bin/make -f &quot;/home/damian/git-repos/symulator-mini-rysi/vrep/build-c-Desktop-Default/Makefile&quot;  VERBOSE=1 clean" />
            <DistClean command="/usr/bin/make -f &quot;/home/damian/git-repos/symulator-mini-rysi/vrep/build-c-Desktop-Default/Makefile&quot;  VERBOSE=1 clean" />
         </MakeCommands>
      </Target>
      <Target title="c/fast">
         <Option output="/home/damian/git-repos/symulator-mini-rysi/vrep/build-c-Desktop-Default/c" prefix_auto="0" extension_auto="0" />
         <Option working_dir="/home/damian/git-repos/symulator-mini-rysi/vrep/build-c-Desktop-Default" />
         <Option object_output="./" />
         <Option type="1" />
         <Option compiler="gcc" />
         <Compiler>
            <Add directory="/usr/include" />
            <Add directory="/usr/include/c++/5" />
            <Add directory="/usr/include/c++/5/backward" />
            <Add directory="/usr/include/x86_64-linux-gnu" />
            <Add directory="/usr/include/x86_64-linux-gnu/c++/5" />
            <Add directory="/usr/lib/gcc/x86_64-linux-gnu/5/include" />
            <Add directory="/usr/lib/gcc/x86_64-linux-gnu/5/include-fixed" />
            <Add directory="/usr/local/include" />
         </Compiler>
         <MakeCommands>
            <Build command="/usr/bin/make -f &quot;/home/damian/git-repos/symulator-mini-rysi/vrep/build-c-Desktop-Default/Makefile&quot;  VERBOSE=1 c/fast" />
            <CompileFile command="/usr/bin/make -f &quot;/home/damian/git-repos/symulator-mini-rysi/vrep/build-c-Desktop-Default/Makefile&quot;  VERBOSE=1 &quot;$file&quot;" />
            <Clean command="/usr/bin/make -f &quot;/home/damian/git-repos/symulator-mini-rysi/vrep/build-c-Desktop-Default/Makefile&quot;  VERBOSE=1 clean" />
            <DistClean command="/usr/bin/make -f &quot;/home/damian/git-repos/symulator-mini-rysi/vrep/build-c-Desktop-Default/Makefile&quot;  VERBOSE=1 clean" />
         </MakeCommands>
      </Target>
      <Target title="MATH">
         <Option output="/home/damian/git-repos/symulator-mini-rysi/vrep/build-c-Desktop-Default/libMATH.a" prefix_auto="0" extension_auto="0" />
         <Option working_dir="/home/damian/git-repos/symulator-mini-rysi/vrep/build-c-Desktop-Default" />
         <Option object_output="./" />
         <Option type="2" />
         <Option compiler="gcc" />
         <Compiler>
            <Add directory="/usr/include" />
            <Add directory="/usr/include/c++/5" />
            <Add directory="/usr/include/c++/5/backward" />
            <Add directory="/usr/include/x86_64-linux-gnu" />
            <Add directory="/usr/include/x86_64-linux-gnu/c++/5" />
            <Add directory="/usr/lib/gcc/x86_64-linux-gnu/5/include" />
            <Add directory="/usr/lib/gcc/x86_64-linux-gnu/5/include-fixed" />
            <Add directory="/usr/local/include" />
         </Compiler>
         <MakeCommands>
            <Build command="/usr/bin/make -f &quot;/home/damian/git-repos/symulator-mini-rysi/vrep/build-c-Desktop-Default/Makefile&quot;  VERBOSE=1 MATH" />
            <CompileFile command="/usr/bin/make -f &quot;/home/damian/git-repos/symulator-mini-rysi/vrep/build-c-Desktop-Default/Makefile&quot;  VERBOSE=1 &quot;$file&quot;" />
            <Clean command="/usr/bin/make -f &quot;/home/damian/git-repos/symulator-mini-rysi/vrep/build-c-Desktop-Default/Makefile&quot;  VERBOSE=1 clean" />
            <DistClean command="/usr/bin/make -f &quot;/home/damian/git-repos/symulator-mini-rysi/vrep/build-c-Desktop-Default/Makefile&quot;  VERBOSE=1 clean" />
         </MakeCommands>
      </Target>
      <Target title="MATH/fast">
         <Option output="/home/damian/git-repos/symulator-mini-rysi/vrep/build-c-Desktop-Default/libMATH.a" prefix_auto="0" extension_auto="0" />
         <Option working_dir="/home/damian/git-repos/symulator-mini-rysi/vrep/build-c-Desktop-Default" />
         <Option object_output="./" />
         <Option type="2" />
         <Option compiler="gcc" />
         <Compiler>
            <Add directory="/usr/include" />
            <Add directory="/usr/include/c++/5" />
            <Add directory="/usr/include/c++/5/backward" />
            <Add directory="/usr/include/x86_64-linux-gnu" />
            <Add directory="/usr/include/x86_64-linux-gnu/c++/5" />
            <Add directory="/usr/lib/gcc/x86_64-linux-gnu/5/include" />
            <Add directory="/usr/lib/gcc/x86_64-linux-gnu/5/include-fixed" />
            <Add directory="/usr/local/include" />
         </Compiler>
         <MakeCommands>
            <Build command="/usr/bin/make -f &quot;/home/damian/git-repos/symulator-mini-rysi/vrep/build-c-Desktop-Default/Makefile&quot;  VERBOSE=1 MATH/fast" />
            <CompileFile command="/usr/bin/make -f &quot;/home/damian/git-repos/symulator-mini-rysi/vrep/build-c-Desktop-Default/Makefile&quot;  VERBOSE=1 &quot;$file&quot;" />
            <Clean command="/usr/bin/make -f &quot;/home/damian/git-repos/symulator-mini-rysi/vrep/build-c-Desktop-Default/Makefile&quot;  VERBOSE=1 clean" />
            <DistClean command="/usr/bin/make -f &quot;/home/damian/git-repos/symulator-mini-rysi/vrep/build-c-Desktop-Default/Makefile&quot;  VERBOSE=1 clean" />
         </MakeCommands>
      </Target>
      </Build>
      <Unit filename="/home/damian/git-repos/symulator-mini-rysi/vrep/c/extApi.c">
         <Option target="c"/>
      </Unit>
      <Unit filename="/home/damian/git-repos/symulator-mini-rysi/vrep/c/extApi.h">
         <Option target="c"/>
      </Unit>
      <Unit filename="/home/damian/git-repos/symulator-mini-rysi/vrep/c/extApiPlatform.c">
         <Option target="c"/>
      </Unit>
      <Unit filename="/home/damian/git-repos/symulator-mini-rysi/vrep/c/extApiPlatform.h">
         <Option target="c"/>
      </Unit>
      <Unit filename="/home/damian/git-repos/symulator-mini-rysi/vrep/c/main.c">
         <Option target="c"/>
      </Unit>
      <Unit filename="/home/damian/git-repos/symulator-mini-rysi/vrep/c/CMakeLists.txt">
          <Option virtualFolder="CMake Files\" />
      </Unit>
   </Project>
</CodeBlocks_project_file>
